<?xml version="1.0" encoding="utf-8"?>
<Project ToolsVersion="4.0" xmlns="http://schemas.microsoft.com/developer/msbuild/2003">
  <ItemGroup>
    <Filter Include="..\include\core\animation">
      <UniqueIdentifier>{6a5db598-8ff1-4cfe-964b-e2799732b2ac}</UniqueIdentifier>
    </Filter>
    <Filter Include="..\include\core\control">
      <UniqueIdentifier>{1e52fc76-6c2a-415b-8b05-a3586cfa1f8a}</UniqueIdentifier>
    </Filter>
    <Filter Include="..\include\core\object">
      <UniqueIdentifier>{46fdf468-8b56-4763-88a4-c968baac9044}</UniqueIdentifier>
    </Filter>
    <Filter Include="..\include\core\render">
      <UniqueIdentifier>{3c9e82bf-dc28-4495-8121-c1243b688a96}</UniqueIdentifier>
    </Filter>
    <Filter Include="..\include\core\signal">
      <UniqueIdentifier>{730ec232-6173-46a5-867a-edb26a15643a}</UniqueIdentifier>
    </Filter>
    <Filter Include="..\include\core\uibasic">
      <UniqueIdentifier>{5b346328-bfbf-49e6-a4e2-c6afb53de47b}</UniqueIdentifier>
    </Filter>
    <Filter Include="..\include\core\visual">
      <UniqueIdentifier>{b2042b59-584a-481d-b990-33904b944b73}</UniqueIdentifier>
    </Filter>
    <Filter Include="..\include\core\widget">
      <UniqueIdentifier>{31bd3c53-fe2c-4d66-98b4-d8e67977aa75}</UniqueIdentifier>
    </Filter>
    <Filter Include="..\src\core\animation">
      <UniqueIdentifier>{ed4db78e-69e0-485a-8008-9a31555f9032}</UniqueIdentifier>
    </Filter>
    <Filter Include="..\src\core\control">
      <UniqueIdentifier>{41fb6231-5722-4482-8b80-e15af694afa0}</UniqueIdentifier>
    </Filter>
    <Filter Include="..\src\core\widget">
      <UniqueIdentifier>{d630cab1-d7c5-425b-a787-147821d9d9b0}</UniqueIdentifier>
    </Filter>
    <Filter Include="..\src\core\visual">
      <UniqueIdentifier>{92bcb611-4325-490a-9475-fdd3e778fe41}</UniqueIdentifier>
    </Filter>
    <Filter Include="..\src\core\uibasic">
      <UniqueIdentifier>{eb4388d5-9f80-46cd-9fa8-debc9f60e96a}</UniqueIdentifier>
    </Filter>
    <Filter Include="..\src\core\signal">
      <UniqueIdentifier>{8128e482-e005-4310-a53f-386f5642d936}</UniqueIdentifier>
    </Filter>
    <Filter Include="..\src\core\render">
      <UniqueIdentifier>{65402698-680c-433d-bc68-1a7b0bf07a6b}</UniqueIdentifier>
    </Filter>
    <Filter Include="..\src\core\object">
      <UniqueIdentifier>{323360ab-ce93-4db6-b29c-c96d5704a1f1}</UniqueIdentifier>
    </Filter>
    <Filter Include="..\include\core\stl-ex">
      <UniqueIdentifier>{01986f5b-dc2b-4ed0-aea6-9a17c1aad460}</UniqueIdentifier>
    </Filter>
    <Filter Include="..\src\core\stl-ex">
      <UniqueIdentifier>{0e13e765-7d25-4af5-b491-aa68e047931a}</UniqueIdentifier>
    </Filter>
    <Filter Include="debug">
      <UniqueIdentifier>{5993ed2b-7af2-4ed7-98da-087c7b6a5cb6}</UniqueIdentifier>
    </Filter>
    <Filter Include="kits">
      <UniqueIdentifier>{67fc44e8-8704-4b5d-a5a9-a10c4973a4ed}</UniqueIdentifier>
    </Filter>
    <Filter Include="vss">
      <UniqueIdentifier>{14a7f492-047d-410d-a19d-84340cadb372}</UniqueIdentifier>
    </Filter>
    <Filter Include="win32base">
      <UniqueIdentifier>{ef1b54b9-aaa3-483f-9ce2-cbc18d7ac955}</UniqueIdentifier>
    </Filter>
    <Filter Include="core">
      <UniqueIdentifier>{46874d5f-7aeb-4338-86f5-d786adf7d548}</UniqueIdentifier>
    </Filter>
    <Filter Include="core\animation">
      <UniqueIdentifier>{e9b2426b-2ef0-48e4-b8cb-b24706c4e347}</UniqueIdentifier>
    </Filter>
    <Filter Include="core\control">
      <UniqueIdentifier>{e343685c-5c37-465d-97b6-4fd2e2906772}</UniqueIdentifier>
    </Filter>
    <Filter Include="core\render">
      <UniqueIdentifier>{101005a6-4a2c-46ce-a7b2-79ab78760a86}</UniqueIdentifier>
    </Filter>
    <Filter Include="core\signal">
      <UniqueIdentifier>{7be11f0a-e052-4ab0-bb00-004266f2867e}</UniqueIdentifier>
    </Filter>
    <Filter Include="core\stl-ex">
      <UniqueIdentifier>{2ee70033-1ec6-4e4b-9f4a-9fc5d01e5ad9}</UniqueIdentifier>
    </Filter>
    <Filter Include="core\uibasic">
      <UniqueIdentifier>{da7aa95b-a7ab-4bc1-83c0-bf659807715b}</UniqueIdentifier>
    </Filter>
    <Filter Include="core\visual">
      <UniqueIdentifier>{db384601-ad1e-442d-9635-b6810ee619ae}</UniqueIdentifier>
    </Filter>
    <Filter Include="core\widget">
      <UniqueIdentifier>{476a1035-02d9-455e-b73c-f5f141fa7b57}</UniqueIdentifier>
    </Filter>
    <Filter Include="vml">
      <UniqueIdentifier>{e2bd7cd2-78bf-44af-a3d6-3b8b14cb1b91}</UniqueIdentifier>
    </Filter>
    <Filter Include="core\object">
      <UniqueIdentifier>{d5be2504-5b39-424e-82dd-535d2c7fe16a}</UniqueIdentifier>
    </Filter>
  </ItemGroup>
  <ItemGroup>
    <ClInclude Include="..\include\debug\vdebug.h">
      <Filter>debug</Filter>
    </ClInclude>
    <ClInclude Include="..\include\kits\seal.info.h">
      <Filter>kits</Filter>
    </ClInclude>
    <ClInclude Include="..\include\kits\seal.lexical.h">
      <Filter>kits</Filter>
    </ClInclude>
    <ClInclude Include="..\include\kits\seal.lexical.token.h">
      <Filter>kits</Filter>
    </ClInclude>
    <ClInclude Include="..\include\kits\vallocator.h">
      <Filter>kits</Filter>
    </ClInclude>
    <ClInclude Include="..\include\kits\vcolorhelper.h">
      <Filter>kits</Filter>
    </ClInclude>
    <ClInclude Include="..\include\kits\vparserhelper.h">
      <Filter>kits</Filter>
    </ClInclude>
    <ClInclude Include="..\include\vml\vml.h">
      <Filter>vml</Filter>
    </ClInclude>
    <ClInclude Include="..\include\vml\vmlbuilder.h">
      <Filter>vml</Filter>
    </ClInclude>
    <ClInclude Include="..\include\vml\vmlparser.h">
      <Filter>vml</Filter>
    </ClInclude>
    <ClInclude Include="..\include\vml\vmlvariable.h">
      <Filter>vml</Filter>
    </ClInclude>
    <ClInclude Include="..\include\vml\vmlwidget.h">
      <Filter>vml</Filter>
    </ClInclude>
    <ClInclude Include="..\include\vss\vssparser.h">
      <Filter>vss</Filter>
    </ClInclude>
    <ClInclude Include="..\include\vss\vssbuilder.h">
      <Filter>vss</Filter>
    </ClInclude>
    <ClInclude Include="..\include\win32base\vwin32base.h">
      <Filter>win32base</Filter>
    </ClInclude>
    <ClInclude Include="..\include\core\animation\vanimation.h">
      <Filter>core\animation</Filter>
    </ClInclude>
    <ClInclude Include="..\include\core\animation\vanimationcurve.h">
      <Filter>core\animation</Filter>
    </ClInclude>
    <ClInclude Include="..\include\core\object\vapplication.h">
      <Filter>core\object</Filter>
    </ClInclude>
    <ClInclude Include="..\include\core\object\vuiobject.h">
      <Filter>core\object</Filter>
    </ClInclude>
    <ClInclude Include="..\include\core\signal\vsignal.h">
      <Filter>core\signal</Filter>
    </ClInclude>
    <ClInclude Include="..\include\core\stl-ex\vstring.h">
      <Filter>core\stl-ex</Filter>
    </ClInclude>
    <ClInclude Include="..\include\core\uibasic\vsmarttimer.h">
      <Filter>core\uibasic</Filter>
    </ClInclude>
    <ClInclude Include="..\include\core\uibasic\vuiinterpolator.h">
      <Filter>core\uibasic</Filter>
    </ClInclude>
    <ClInclude Include="..\include\core\uibasic\vtimer.h">
      <Filter>core\uibasic</Filter>
    </ClInclude>
    <ClInclude Include="..\include\core\uibasic\vuitheme.h">
      <Filter>core\uibasic</Filter>
    </ClInclude>
    <ClInclude Include="..\include\core\visual\vvisual.h">
      <Filter>core\visual</Filter>
    </ClInclude>
    <ClInclude Include="..\include\core\visual\veffect.h">
      <Filter>core\visual</Filter>
    </ClInclude>
    <ClInclude Include="..\include\core\widget\vmessage.h">
      <Filter>core\widget</Filter>
    </ClInclude>
    <ClInclude Include="..\include\core\widget\vprivatewidget.h">
      <Filter>core\widget</Filter>
    </ClInclude>
    <ClInclude Include="..\include\core\widget\vwidget.h">
      <Filter>core\widget</Filter>
    </ClInclude>
    <ClInclude Include="..\include\core\control\vabstractbutton.h">
      <Filter>core\control</Filter>
    </ClInclude>
    <ClInclude Include="..\include\core\control\vblurlabel.h">
      <Filter>core\control</Filter>
    </ClInclude>
    <ClInclude Include="..\include\core\control\vcanvas.h">
      <Filter>core\control</Filter>
    </ClInclude>
    <ClInclude Include="..\include\core\vcontrol.h">
      <Filter>core\control</Filter>
    </ClInclude>
    <ClInclude Include="..\include\core\control\vdragcontrolbase.h">
      <Filter>core\control</Filter>
    </ClInclude>
    <ClInclude Include="..\include\core\control\veditor.h">
      <Filter>core\control</Filter>
    </ClInclude>
    <ClInclude Include="..\include\core\control\veditorhighlighter.h">
      <Filter>core\control</Filter>
    </ClInclude>
    <ClInclude Include="..\include\core\control\vfakecaption.h">
      <Filter>core\control</Filter>
    </ClInclude>
    <ClInclude Include="..\include\core\control\viconbutton.h">
      <Filter>core\control</Filter>
    </ClInclude>
    <ClInclude Include="..\include\core\control\vimagelabel.h">
      <Filter>core\control</Filter>
    </ClInclude>
    <ClInclude Include="..\include\core\control\vlayout.h">
      <Filter>core\control</Filter>
    </ClInclude>
    <ClInclude Include="..\include\core\control\vlineeditor.h">
      <Filter>core\control</Filter>
    </ClInclude>
    <ClInclude Include="..\include\core\control\vpushbutton.h">
      <Filter>core\control</Filter>
    </ClInclude>
    <ClInclude Include="..\include\core\control\vradiobutton.h">
      <Filter>core\control</Filter>
    </ClInclude>
    <ClInclude Include="..\include\core\control\vscrollbar.h">
      <Filter>core\control</Filter>
    </ClInclude>
    <ClInclude Include="..\include\core\control\vscroller.h">
      <Filter>core\control</Filter>
    </ClInclude>
    <ClInclude Include="..\include\core\control\vswitchgroup.h">
      <Filter>core\control</Filter>
    </ClInclude>
    <ClInclude Include="..\include\core\control\vtextlabel.h">
      <Filter>core\control</Filter>
    </ClInclude>
    <ClInclude Include="..\include\core\control\vtitlebar.h">
      <Filter>core\control</Filter>
    </ClInclude>
    <ClInclude Include="..\include\core\control\vviewlabel.h">
      <Filter>core\control</Filter>
    </ClInclude>
    <ClInclude Include="..\include\core\vbasiccore.h">
      <Filter>core</Filter>
    </ClInclude>
    <ClInclude Include="..\include\core\render\vbrush.h">
      <Filter>core\render</Filter>
    </ClInclude>
    <ClInclude Include="..\include\core\render\vcolor.h">
      <Filter>core\render</Filter>
    </ClInclude>
    <ClInclude Include="..\include\core\render\vdirectxfactory.h">
      <Filter>core\render</Filter>
    </ClInclude>
    <ClInclude Include="..\include\core\render\vimage.h">
      <Filter>core\render</Filter>
    </ClInclude>
    <ClInclude Include="..\include\core\render\vpainter.h">
      <Filter>core\render</Filter>
    </ClInclude>
    <ClInclude Include="..\include\core\render\vpainterdevice.h">
      <Filter>core\render</Filter>
    </ClInclude>
    <ClInclude Include="..\include\core\render\vrenderbasic.h">
      <Filter>core\render</Filter>
    </ClInclude>
    <ClInclude Include="..\include\core\render\vwrite.h">
      <Filter>core\render</Filter>
    </ClInclude>
  </ItemGroup>
  <ItemGroup>
    <ClCompile Include="..\main.cpp" />
    <ClCompile Include="..\src\debug\vdebug.cc">
      <Filter>debug</Filter>
    </ClCompile>
    <ClCompile Include="..\src\kits\seal.info.cc">
      <Filter>kits</Filter>
    </ClCompile>
    <ClCompile Include="..\src\kits\seal.lexical.cc">
      <Filter>kits</Filter>
    </ClCompile>
    <ClCompile Include="..\src\kits\seal.lexical.token.cc">
      <Filter>kits</Filter>
    </ClCompile>
    <ClCompile Include="..\src\kits\vallocator.cc">
      <Filter>kits</Filter>
    </ClCompile>
    <ClCompile Include="..\src\kits\vcolorhelper.cc">
      <Filter>kits</Filter>
    </ClCompile>
    <ClCompile Include="..\src\kits\vparserhelper.cc">
      <Filter>kits</Filter>
    </ClCompile>
    <ClCompile Include="..\src\vml\vml.cpp">
      <Filter>vml</Filter>
    </ClCompile>
    <ClCompile Include="..\src\vml\vmlbuilder.cpp">
      <Filter>vml</Filter>
    </ClCompile>
    <ClCompile Include="..\src\vml\vmlparser.cpp">
      <Filter>vml</Filter>
    </ClCompile>
    <ClCompile Include="..\src\vml\vmlvariable.cpp">
      <Filter>vml</Filter>
    </ClCompile>
    <ClCompile Include="..\src\vml\vmlwidget.cpp">
      <Filter>vml</Filter>
    </ClCompile>
    <ClCompile Include="..\src\vss\vssparser.cc">
      <Filter>vss</Filter>
    </ClCompile>
    <ClCompile Include="..\src\vss\vssbuilder.cc">
      <Filter>vss</Filter>
    </ClCompile>
    <ClCompile Include="..\src\win32base\vwin32base.cc">
      <Filter>win32base</Filter>
    </ClCompile>
    <ClCompile Include="..\src\core\animation\vanimation.cc">
      <Filter>core\animation</Filter>
    </ClCompile>
    <ClCompile Include="..\src\core\animation\vanimationcurve.cc">
      <Filter>core\animation</Filter>
    </ClCompile>
    <ClCompile Include="..\src\core\object\vapplication.cc">
      <Filter>core\object</Filter>
    </ClCompile>
    <ClCompile Include="..\src\core\object\vuiobject.cc">
      <Filter>core\object</Filter>
    </ClCompile>
    <ClCompile Include="..\src\core\signal\vsignal.cc">
      <Filter>core\signal</Filter>
    </ClCompile>
    <ClCompile Include="..\src\core\stl-ex\vstring.cpp">
      <Filter>core\stl-ex</Filter>
    </ClCompile>
    <ClCompile Include="..\src\core\uibasic\vsmarttimer.cc">
      <Filter>core\uibasic</Filter>
    </ClCompile>
    <ClCompile Include="..\src\core\uibasic\vuiinterpolator.cc">
      <Filter>core\uibasic</Filter>
    </ClCompile>
    <ClCompile Include="..\src\core\uibasic\vtimer.cc">
      <Filter>core\uibasic</Filter>
    </ClCompile>
    <ClCompile Include="..\src\core\uibasic\vuitheme.cc">
      <Filter>core\uibasic</Filter>
    </ClCompile>
    <ClCompile Include="..\src\core\visual\vvisual.cc">
      <Filter>core\visual</Filter>
    </ClCompile>
    <ClCompile Include="..\src\core\visual\veffect.cc">
      <Filter>core\visual</Filter>
    </ClCompile>
    <ClCompile Include="..\src\core\widget\vmessage.cc">
      <Filter>core\widget</Filter>
    </ClCompile>
    <ClCompile Include="..\src\core\widget\vprivatewidget.cc">
      <Filter>core\widget</Filter>
    </ClCompile>
    <ClCompile Include="..\src\core\widget\vwidget.cc">
      <Filter>core\widget</Filter>
    </ClCompile>
    <ClCompile Include="..\src\core\control\vabstractbutton.cc">
      <Filter>core\control</Filter>
    </ClCompile>
    <ClCompile Include="..\src\core\control\vblurlabel.cc">
      <Filter>core\control</Filter>
    </ClCompile>
    <ClCompile Include="..\src\core\control\vcanvas.cc">
      <Filter>core\control</Filter>
    </ClCompile>
    <ClCompile Include="..\src\core\control\vdragcontrolbase.cc">
      <Filter>core\control</Filter>
    </ClCompile>
    <ClCompile Include="..\src\core\control\veditor.cc">
      <Filter>core\control</Filter>
    </ClCompile>
    <ClCompile Include="..\src\core\control\veditorhighlighter.cc">
      <Filter>core\control</Filter>
    </ClCompile>
    <ClCompile Include="..\src\core\control\vfakecaption.cc">
      <Filter>core\control</Filter>
    </ClCompile>
    <ClCompile Include="..\src\core\control\viconbutton.cc">
      <Filter>core\control</Filter>
    </ClCompile>
    <ClCompile Include="..\src\core\control\vimagelabel.cc">
      <Filter>core\control</Filter>
    </ClCompile>
    <ClCompile Include="..\src\core\control\vlayout.cc">
      <Filter>core\control</Filter>
    </ClCompile>
    <ClCompile Include="..\src\core\control\vlineeditor.cc">
      <Filter>core\control</Filter>
    </ClCompile>
    <ClCompile Include="..\src\core\control\vpushbutton.cc">
      <Filter>core\control</Filter>
    </ClCompile>
    <ClCompile Include="..\src\core\control\vradiobutton.cc">
      <Filter>core\control</Filter>
    </ClCompile>
    <ClCompile Include="..\src\core\control\vscrollbar.cc">
      <Filter>core\control</Filter>
    </ClCompile>
    <ClCompile Include="..\src\core\control\vscroller.cc">
      <Filter>core\control</Filter>
    </ClCompile>
    <ClCompile Include="..\src\core\control\vswitchgroup.cc">
      <Filter>core\control</Filter>
    </ClCompile>
    <ClCompile Include="..\src\core\control\vtextlabel.cc">
      <Filter>core\control</Filter>
    </ClCompile>
    <ClCompile Include="..\src\core\control\vtitlebar.cc">
      <Filter>core\control</Filter>
    </ClCompile>
    <ClCompile Include="..\src\core\control\vviewlabel.cc">
      <Filter>core\control</Filter>
    </ClCompile>
    <ClCompile Include="..\src\core\vbasiccore.cc">
      <Filter>core</Filter>
    </ClCompile>
    <ClCompile Include="..\src\core\render\vbrush.cc">
      <Filter>core\render</Filter>
    </ClCompile>
    <ClCompile Include="..\src\core\render\vcolor.cc">
      <Filter>core\render</Filter>
    </ClCompile>
    <ClCompile Include="..\src\core\render\vdirectxfactory.cc">
      <Filter>core\render</Filter>
    </ClCompile>
    <ClCompile Include="..\src\core\render\vimage.cc">
      <Filter>core\render</Filter>
    </ClCompile>
    <ClCompile Include="..\src\core\render\vpainter.cc">
      <Filter>core\render</Filter>
    </ClCompile>
    <ClCompile Include="..\src\core\render\vpainterdevice.cc">
      <Filter>core\render</Filter>
    </ClCompile>
    <ClCompile Include="..\src\core\render\vrenderbasic.cc">
      <Filter>core\render</Filter>
    </ClCompile>
    <ClCompile Include="..\src\core\render\vwrite.cc">
      <Filter>core\render</Filter>
    </ClCompile>
  </ItemGroup>
</Project>